# This file is generated by running "yarn install" inside your project.
# Manual changes might be lost - proceed with caution!

__metadata:
  version: 6
  cacheKey: 8

"@envelop/core@npm:^2.5.0":
  version: 2.6.0
  resolution: "@envelop/core@npm:2.6.0"
  dependencies:
    "@envelop/types": 2.4.0
    tslib: 2.4.0
  peerDependencies:
    graphql: ^14.0.0 || ^15.0.0 || ^16.0.0
  checksum: 33e070de7f58bec5bd37c5c548bc7c4408b0f5f2b20b290bd5d9bb6b492cd1523458717cbb7a65fdf6963efaa449cf6fc238c8f7a48303ef135ea6750089d7e9
  languageName: node
  linkType: hard

"@envelop/parser-cache@npm:^4.6.0":
  version: 4.7.0
  resolution: "@envelop/parser-cache@npm:4.7.0"
  dependencies:
    lru-cache: ^6.0.0
    tslib: ^2.4.0
  peerDependencies:
    "@envelop/core": ^2.6.0
    graphql: ^14.0.0 || ^15.0.0 || ^16.0.0
  checksum: dbfec7047f789d886d4adfdefe5b30630aabec89521254a5d4c2ccbb1863103b427a0b77829a1879bab82d52aa6fef8977e96ebe0b00c159d3c52c6750d95c6f
  languageName: node
  linkType: hard

"@envelop/types@npm:2.4.0":
  version: 2.4.0
  resolution: "@envelop/types@npm:2.4.0"
  dependencies:
    tslib: ^2.4.0
  peerDependencies:
    graphql: ^14.0.0 || ^15.0.0 || ^16.0.0
  checksum: 16f4ca10325483c6f027664cecb2c672cf6edc3c5f6dae11098955b6e9b0004bd29db2b90b8f4323b75a6654e325c3294ee90857420f542df554ec0cfb97c0d2
  languageName: node
  linkType: hard

"@envelop/validation-cache@npm:^4.6.0":
  version: 4.7.0
  resolution: "@envelop/validation-cache@npm:4.7.0"
  dependencies:
    lru-cache: ^6.0.0
    tslib: ^2.4.0
  peerDependencies:
    "@envelop/core": ^2.6.0
    graphql: ^14.0.0 || ^15.0.0 || ^16.0.0
  checksum: 90d06d5e93777f222f5e372df345d1877fe725910cf4f79afff6ab7a0984dd5459dce7a6d93decb9f64c21d4d3149b860bd83ee4a713e6bbb83f0ab7b0ef095d
  languageName: node
  linkType: hard

"@graphql-tools/merge@npm:8.3.6":
  version: 8.3.6
  resolution: "@graphql-tools/merge@npm:8.3.6"
  dependencies:
    "@graphql-tools/utils": 8.12.0
    tslib: ^2.4.0
  peerDependencies:
    graphql: ^14.0.0 || ^15.0.0 || ^16.0.0 || ^17.0.0
  checksum: 3e45ebff0dce9524e72c4af1d2b9799c16515c1236290e07cd68fb2226c4e54734e2444d89a64b387b7ba991d15c6f948fdfc20c77a74b1d24babddd865ff32a
  languageName: node
  linkType: hard

"@graphql-tools/schema@npm:^9.0.0":
  version: 9.0.4
  resolution: "@graphql-tools/schema@npm:9.0.4"
  dependencies:
    "@graphql-tools/merge": 8.3.6
    "@graphql-tools/utils": 8.12.0
    tslib: ^2.4.0
    value-or-promise: 1.0.11
  peerDependencies:
    graphql: ^14.0.0 || ^15.0.0 || ^16.0.0 || ^17.0.0
  checksum: 0644ba225ff7fb03c6fb7f026b6a77a4ac5dd14fd10bb562ea0072bfe0258620fd4789b851b0b97007db8754d0b7d88a1061bb98bacc679b22e2eb7706e79e0e
  languageName: node
  linkType: hard

"@graphql-tools/utils@npm:8.12.0, @graphql-tools/utils@npm:^8.8.0":
  version: 8.12.0
  resolution: "@graphql-tools/utils@npm:8.12.0"
  dependencies:
    tslib: ^2.4.0
  peerDependencies:
    graphql: ^14.0.0 || ^15.0.0 || ^16.0.0 || ^17.0.0
  checksum: 24edc6ba3bcfa9a4c1d1d37117c3f96d847beed9638325083c32c6ec9674729dc89fc8cc389d317ae5d9dba22e91443bd9788f1dc8de91a1b6f1e592112bd48f
  languageName: node
  linkType: hard

"@graphql-typed-document-node/core@npm:^3.1.1":
  version: 3.1.1
  resolution: "@graphql-typed-document-node/core@npm:3.1.1"
  peerDependencies:
    graphql: ^0.8.0 || ^0.9.0 || ^0.10.0 || ^0.11.0 || ^0.12.0 || ^0.13.0 || ^14.0.0 || ^15.0.0 || ^16.0.0
  checksum: 87ff4cee308f1075f4472b80f9f9409667979940f8f701e87f0aa35ce5cf104d94b41258ea8192d05a0893475cd0f086a3929a07663b4fe8d0e805a277f07ed5
  languageName: node
  linkType: hard

"@graphql-yoga/common@npm:^2.12.12":
  version: 2.12.12
  resolution: "@graphql-yoga/common@npm:2.12.12"
  dependencies:
    "@envelop/core": ^2.5.0
    "@envelop/parser-cache": ^4.6.0
    "@envelop/validation-cache": ^4.6.0
    "@graphql-tools/schema": ^9.0.0
    "@graphql-tools/utils": ^8.8.0
    "@graphql-typed-document-node/core": ^3.1.1
    "@graphql-yoga/subscription": ^2.2.3
    "@whatwg-node/fetch": ^0.3.0
    dset: ^3.1.1
    tslib: ^2.3.1
  peerDependencies:
    graphql: ^15.2.0 || ^16.0.0
  checksum: 7a766c5c202e84e78d928832131208882a65448b4e5a12be52db5d9eb7759b70468d2b0bea88f10ef025a0825968868061003273b58a5f12dba9c66762197739
  languageName: node
  linkType: hard

"@graphql-yoga/node@npm:^2.13.13":
  version: 2.13.13
  resolution: "@graphql-yoga/node@npm:2.13.13"
  dependencies:
    "@envelop/core": ^2.5.0
    "@graphql-tools/utils": ^8.8.0
    "@graphql-yoga/common": ^2.12.12
    "@graphql-yoga/subscription": ^2.2.3
    "@whatwg-node/fetch": ^0.3.0
    tslib: ^2.3.1
  peerDependencies:
    graphql: ^15.2.0 || ^16.0.0
  checksum: 5bb3be1283b03edcd6ea87d72e6446e31f4b46faf4f3fb462f3ae0a56179e699700a47a32fb2ee616ff07b3cbec274557876a7978fcb9a26f578cf8c46fd9570
  languageName: node
  linkType: hard

"@graphql-yoga/subscription@npm:^2.2.3":
  version: 2.2.3
  resolution: "@graphql-yoga/subscription@npm:2.2.3"
  dependencies:
    "@graphql-yoga/typed-event-target": ^0.1.1
    "@repeaterjs/repeater": ^3.0.4
    tslib: ^2.3.1
  checksum: 222524a30da44713d320ace9457b7c1912c8dfbb28d4930e2ff1e5fd61964ffa172cacc6eff7cfff54536b4e3e52ee8d70c8f3be5d79fd0e85c98076aa807152
  languageName: node
  linkType: hard

"@graphql-yoga/typed-event-target@npm:^0.1.1":
  version: 0.1.1
  resolution: "@graphql-yoga/typed-event-target@npm:0.1.1"
  dependencies:
    "@repeaterjs/repeater": ^3.0.4
    tslib: ^2.3.1
  checksum: 597a188d4a9d307eb5eb6b866e4d570166b8444d1ab3ca4cd0691afe92f782b25cdb3ba148512c8975ed119bd69226498f668b50eb2e1f24776cf78121a820a9
  languageName: node
  linkType: hard

"@next/env@npm:12.3.1":
  version: 12.3.1
  resolution: "@next/env@npm:12.3.1"
  checksum: ea7f2ad9080bdec91dd9e7d84db063793717fb1e6c668ff99cdd9103b9a7f2dd0afd153f04882944d24124965f2f78cdf24dc71da3dcd5afad3a078816abc528
  languageName: node
  linkType: hard

"@next/swc-android-arm-eabi@npm:12.3.1":
  version: 12.3.1
  resolution: "@next/swc-android-arm-eabi@npm:12.3.1"
  conditions: os=android & cpu=arm
  languageName: node
  linkType: hard

"@next/swc-android-arm64@npm:12.3.1":
  version: 12.3.1
  resolution: "@next/swc-android-arm64@npm:12.3.1"
  conditions: os=android & cpu=arm64
  languageName: node
  linkType: hard

"@next/swc-darwin-arm64@npm:12.3.1":
  version: 12.3.1
  resolution: "@next/swc-darwin-arm64@npm:12.3.1"
  conditions: os=darwin & cpu=arm64
  languageName: node
  linkType: hard

"@next/swc-darwin-x64@npm:12.3.1":
  version: 12.3.1
  resolution: "@next/swc-darwin-x64@npm:12.3.1"
  conditions: os=darwin & cpu=x64
  languageName: node
  linkType: hard

"@next/swc-freebsd-x64@npm:12.3.1":
  version: 12.3.1
  resolution: "@next/swc-freebsd-x64@npm:12.3.1"
  conditions: os=freebsd & cpu=x64
  languageName: node
  linkType: hard

"@next/swc-linux-arm-gnueabihf@npm:12.3.1":
  version: 12.3.1
  resolution: "@next/swc-linux-arm-gnueabihf@npm:12.3.1"
  conditions: os=linux & cpu=arm
  languageName: node
  linkType: hard

"@next/swc-linux-arm64-gnu@npm:12.3.1":
  version: 12.3.1
  resolution: "@next/swc-linux-arm64-gnu@npm:12.3.1"
  conditions: os=linux & cpu=arm64 & libc=glibc
  languageName: node
  linkType: hard

"@next/swc-linux-arm64-musl@npm:12.3.1":
  version: 12.3.1
  resolution: "@next/swc-linux-arm64-musl@npm:12.3.1"
  conditions: os=linux & cpu=arm64 & libc=musl
  languageName: node
  linkType: hard

"@next/swc-linux-x64-gnu@npm:12.3.1":
  version: 12.3.1
  resolution: "@next/swc-linux-x64-gnu@npm:12.3.1"
  conditions: os=linux & cpu=x64 & libc=glibc
  languageName: node
  linkType: hard

"@next/swc-linux-x64-musl@npm:12.3.1":
  version: 12.3.1
  resolution: "@next/swc-linux-x64-musl@npm:12.3.1"
  conditions: os=linux & cpu=x64 & libc=musl
  languageName: node
  linkType: hard

"@next/swc-win32-arm64-msvc@npm:12.3.1":
  version: 12.3.1
  resolution: "@next/swc-win32-arm64-msvc@npm:12.3.1"
  conditions: os=win32 & cpu=arm64
  languageName: node
  linkType: hard

"@next/swc-win32-ia32-msvc@npm:12.3.1":
  version: 12.3.1
  resolution: "@next/swc-win32-ia32-msvc@npm:12.3.1"
  conditions: os=win32 & cpu=ia32
  languageName: node
  linkType: hard

"@next/swc-win32-x64-msvc@npm:12.3.1":
  version: 12.3.1
  resolution: "@next/swc-win32-x64-msvc@npm:12.3.1"
  conditions: os=win32 & cpu=x64
  languageName: node
  linkType: hard

"@peculiar/asn1-schema@npm:^2.1.6":
  version: 2.3.0
  resolution: "@peculiar/asn1-schema@npm:2.3.0"
  dependencies:
    asn1js: ^3.0.5
    pvtsutils: ^1.3.2
    tslib: ^2.4.0
  checksum: aa510c68de83be94a8d0e96ca1f7c92d2bd790867eed887c0db32d6b2fc49c5dd9d8269648e9665686ba9b2fd8469324c61e04fed50f7aad3f68a0ca0e1cde4b
  languageName: node
  linkType: hard

"@peculiar/json-schema@npm:^1.1.12":
  version: 1.1.12
  resolution: "@peculiar/json-schema@npm:1.1.12"
  dependencies:
    tslib: ^2.0.0
  checksum: b26ececdc23c5ef25837f8be8d1eb5e1c8bb6e9ae7227ac59ffea57fff56bd05137734e7685e9100595d3d88d906dff638ef8d1df54264c388d3eac1b05aa060
  languageName: node
  linkType: hard

"@peculiar/webcrypto@npm:^1.4.0":
  version: 1.4.0
  resolution: "@peculiar/webcrypto@npm:1.4.0"
  dependencies:
    "@peculiar/asn1-schema": ^2.1.6
    "@peculiar/json-schema": ^1.1.12
    pvtsutils: ^1.3.2
    tslib: ^2.4.0
    webcrypto-core: ^1.7.4
  checksum: 3a7a3c8f253170436f353a61b807d2e2e7a686e6a9607487fde6459ddfff34c8000414287a6cd904bd81e002ce4564811b3c7789a0fd932cf015df6c4002fd02
  languageName: node
  linkType: hard

"@repeaterjs/repeater@npm:^3.0.4":
  version: 3.0.4
  resolution: "@repeaterjs/repeater@npm:3.0.4"
  checksum: cca0db3e802bc26fcce0b4a574074d9956da53bf43094de03c0e4732d05e13441279a92f0b96e2a7a39da50933684947a138c1213406eaafe39cfd4683d6c0df
  languageName: node
  linkType: hard

"@swc/helpers@npm:0.4.11":
  version: 0.4.11
  resolution: "@swc/helpers@npm:0.4.11"
  dependencies:
    tslib: ^2.4.0
  checksum: 736857d524b41a8a4db81094e9b027f554004e0fa3e86325d85bdb38f7e6459ce022db079edb6c61ba0f46fe8583b3e663e95f7acbd13e51b8da6c34e45bba2e
  languageName: node
  linkType: hard

"@types/node@npm:18.7.20":
  version: 18.7.20
  resolution: "@types/node@npm:18.7.20"
  checksum: 83905b5528afe8c4e3f5f33de2699e1a12064d0e1b89310b179ab1801fca73157158ecf84c8dac3681afa77026f12440d34c37bc1107ca461da8df0f086b09e9
  languageName: node
  linkType: hard

"@types/prop-types@npm:*":
  version: 15.7.5
  resolution: "@types/prop-types@npm:15.7.5"
  checksum: 5b43b8b15415e1f298243165f1d44390403bb2bd42e662bca3b5b5633fdd39c938e91b7fce3a9483699db0f7a715d08cef220c121f723a634972fdf596aec980
  languageName: node
  linkType: hard

"@types/react@npm:18.0.21":
  version: 18.0.21
  resolution: "@types/react@npm:18.0.21"
  dependencies:
    "@types/prop-types": "*"
    "@types/scheduler": "*"
    csstype: ^3.0.2
  checksum: 36c1a7c9d507e81e2e629c1ad3db51d7b84d8b010c2d5008da411874286c6a5ccc711ae1d4c470efc0bdc77153cc8804a40e927e929e5164c669ca41b84b846d
  languageName: node
  linkType: hard

"@types/scheduler@npm:*":
  version: 0.16.2
  resolution: "@types/scheduler@npm:0.16.2"
  checksum: b6b4dcfeae6deba2e06a70941860fb1435730576d3689225a421280b7742318d1548b3d22c1f66ab68e414f346a9542f29240bc955b6332c5b11e561077583bc
  languageName: node
  linkType: hard

"@whatwg-node/fetch@npm:^0.3.0":
  version: 0.3.2
  resolution: "@whatwg-node/fetch@npm:0.3.2"
  dependencies:
    "@peculiar/webcrypto": ^1.4.0
    abort-controller: ^3.0.0
    busboy: ^1.6.0
    event-target-polyfill: ^0.0.3
    form-data-encoder: ^1.7.1
    formdata-node: ^4.3.1
    node-fetch: ^2.6.7
    undici: ^5.8.0
    web-streams-polyfill: ^3.2.0
  checksum: d9cb1b1293694edf0d61889512e5b5a0b8b69db2cf8c4cca4acdbbe652f899742456d10954312ef96a8f7257a898d6275b50df03cc481e5a97740cb301930892
  languageName: node
  linkType: hard

"abort-controller@npm:^3.0.0":
  version: 3.0.0
  resolution: "abort-controller@npm:3.0.0"
  dependencies:
    event-target-shim: ^5.0.0
  checksum: 170bdba9b47b7e65906a28c8ce4f38a7a369d78e2271706f020849c1bfe0ee2067d4261df8bbb66eb84f79208fd5b710df759d64191db58cfba7ce8ef9c54b75
  languageName: node
  linkType: hard

"asn1js@npm:^3.0.1, asn1js@npm:^3.0.5":
  version: 3.0.5
  resolution: "asn1js@npm:3.0.5"
  dependencies:
    pvtsutils: ^1.3.2
    pvutils: ^1.1.3
    tslib: ^2.4.0
  checksum: 3b6af1bbadd5762ef8ead5daf2f6bda1bc9e23bc825c4dcc996aa1f9521ad7390a64028565d95d98090d69c8431f004c71cccb866004759169d7c203cf9075eb
  languageName: node
  linkType: hard

"busboy@npm:^1.6.0":
  version: 1.6.0
  resolution: "busboy@npm:1.6.0"
  dependencies:
    streamsearch: ^1.1.0
  checksum: 32801e2c0164e12106bf236291a00795c3c4e4b709ae02132883fe8478ba2ae23743b11c5735a0aae8afe65ac4b6ca4568b91f0d9fed1fdbc32ede824a73746e
  languageName: node
  linkType: hard

"caniuse-lite@npm:^1.0.30001406":
  version: 1.0.30001412
  resolution: "caniuse-lite@npm:1.0.30001412"
  checksum: 7f5f476355f25a9841c30785c11df5225e2e7613f3334573e8da5490f195ac897a525fe4b514fa926b7be7e7937f15743e466bbc3a3272e848fb7ace7432ae02
  languageName: node
  linkType: hard

"csstype@npm:^3.0.2":
  version: 3.1.1
  resolution: "csstype@npm:3.1.1"
  checksum: 1f7b4f5fdd955b7444b18ebdddf3f5c699159f13e9cf8ac9027ae4a60ae226aef9bbb14a6e12ca7dba3358b007cee6354b116e720262867c398de6c955ea451d
  languageName: node
  linkType: hard

"dset@npm:^3.1.1":
  version: 3.1.2
  resolution: "dset@npm:3.1.2"
  checksum: 4f8066f517aa0a70af688c66e9a0a5590f0aada76f6edc7ba9ddb309e27d3a6d65c0a2e31ab2a84005d4c791e5327773cdde59b8ab169050330a0dc283663e87
  languageName: node
  linkType: hard

"event-target-polyfill@npm:^0.0.3":
  version: 0.0.3
  resolution: "event-target-polyfill@npm:0.0.3"
  checksum: 42efefcc46aa4170547b35399337762a579fa27c9fe8b3e791aec470df3126e0bb4cb49b9f17901956eb65a137ef0e35c3a32c9f047b32c64cf56fa9ecc76d06
  languageName: node
  linkType: hard

"event-target-shim@npm:^5.0.0":
  version: 5.0.1
  resolution: "event-target-shim@npm:5.0.1"
  checksum: 1ffe3bb22a6d51bdeb6bf6f7cf97d2ff4a74b017ad12284cc9e6a279e727dc30a5de6bb613e5596ff4dc3e517841339ad09a7eec44266eccb1aa201a30448166
  languageName: node
  linkType: hard

"form-data-encoder@npm:^1.7.1":
  version: 1.7.2
  resolution: "form-data-encoder@npm:1.7.2"
  checksum: aeebd87a1cb009e13cbb5e4e4008e6202ed5f6551eb6d9582ba8a062005178907b90f4887899d3c993de879159b6c0c940af8196725b428b4248cec5af3acf5f
  languageName: node
  linkType: hard

"formdata-node@npm:^4.3.1":
  version: 4.4.1
  resolution: "formdata-node@npm:4.4.1"
  dependencies:
    node-domexception: 1.0.0
    web-streams-polyfill: 4.0.0-beta.3
  checksum: d91d4f667cfed74827fc281594102c0dabddd03c9f8b426fc97123eedbf73f5060ee43205d89284d6854e2fc5827e030cd352ef68b93beda8decc2d72128c576
  languageName: node
  linkType: hard

"graphql@npm:^16.6.0":
  version: 16.6.0
  resolution: "graphql@npm:16.6.0"
  checksum: bf1d9e3c1938ce3c1a81e909bd3ead1ae4707c577f91cff1ca2eca474bfbc7873d5d7b942e1e9777ff5a8304421dba57a4b76d7a29eb19de8711cb70e3c2415e
  languageName: node
  linkType: hard

"js-tokens@npm:^3.0.0 || ^4.0.0":
  version: 4.0.0
  resolution: "js-tokens@npm:4.0.0"
  checksum: 8a95213a5a77deb6cbe94d86340e8d9ace2b93bc367790b260101d2f36a2eaf4e4e22d9fa9cf459b38af3a32fb4190e638024cf82ec95ef708680e405ea7cc78
  languageName: node
  linkType: hard

"loose-envify@npm:^1.1.0":
  version: 1.4.0
  resolution: "loose-envify@npm:1.4.0"
  dependencies:
    js-tokens: ^3.0.0 || ^4.0.0
  bin:
    loose-envify: cli.js
  checksum: 6517e24e0cad87ec9888f500c5b5947032cdfe6ef65e1c1936a0c48a524b81e65542c9c3edc91c97d5bddc806ee2a985dbc79be89215d613b1de5db6d1cfe6f4
  languageName: node
  linkType: hard

"lru-cache@npm:^6.0.0":
  version: 6.0.0
  resolution: "lru-cache@npm:6.0.0"
  dependencies:
    yallist: ^4.0.0
  checksum: f97f499f898f23e4585742138a22f22526254fdba6d75d41a1c2526b3b6cc5747ef59c5612ba7375f42aca4f8461950e925ba08c991ead0651b4918b7c978297
  languageName: node
  linkType: hard

"nanoid@npm:^3.3.4":
  version: 3.3.4
  resolution: "nanoid@npm:3.3.4"
  bin:
    nanoid: bin/nanoid.cjs
  checksum: 2fddd6dee994b7676f008d3ffa4ab16035a754f4bb586c61df5a22cf8c8c94017aadd360368f47d653829e0569a92b129979152ff97af23a558331e47e37cd9c
  languageName: node
  linkType: hard

"next@npm:^12.3.1":
  version: 12.3.1
  resolution: "next@npm:12.3.1"
  dependencies:
    "@next/env": 12.3.1
    "@next/swc-android-arm-eabi": 12.3.1
    "@next/swc-android-arm64": 12.3.1
    "@next/swc-darwin-arm64": 12.3.1
    "@next/swc-darwin-x64": 12.3.1
    "@next/swc-freebsd-x64": 12.3.1
    "@next/swc-linux-arm-gnueabihf": 12.3.1
    "@next/swc-linux-arm64-gnu": 12.3.1
    "@next/swc-linux-arm64-musl": 12.3.1
    "@next/swc-linux-x64-gnu": 12.3.1
    "@next/swc-linux-x64-musl": 12.3.1
    "@next/swc-win32-arm64-msvc": 12.3.1
    "@next/swc-win32-ia32-msvc": 12.3.1
    "@next/swc-win32-x64-msvc": 12.3.1
    "@swc/helpers": 0.4.11
    caniuse-lite: ^1.0.30001406
    postcss: 8.4.14
    styled-jsx: 5.0.7
    use-sync-external-store: 1.2.0
  peerDependencies:
    fibers: ">= 3.1.0"
    node-sass: ^6.0.0 || ^7.0.0
    react: ^17.0.2 || ^18.0.0-0
    react-dom: ^17.0.2 || ^18.0.0-0
    sass: ^1.3.0
  dependenciesMeta:
    "@next/swc-android-arm-eabi":
      optional: true
    "@next/swc-android-arm64":
      optional: true
    "@next/swc-darwin-arm64":
      optional: true
    "@next/swc-darwin-x64":
      optional: true
    "@next/swc-freebsd-x64":
      optional: true
    "@next/swc-linux-arm-gnueabihf":
      optional: true
    "@next/swc-linux-arm64-gnu":
      optional: true
    "@next/swc-linux-arm64-musl":
      optional: true
    "@next/swc-linux-x64-gnu":
      optional: true
    "@next/swc-linux-x64-musl":
      optional: true
    "@next/swc-win32-arm64-msvc":
      optional: true
    "@next/swc-win32-ia32-msvc":
      optional: true
    "@next/swc-win32-x64-msvc":
      optional: true
  peerDependenciesMeta:
    fibers:
      optional: true
    node-sass:
      optional: true
    sass:
      optional: true
  bin:
    next: dist/bin/next
  checksum: ac78592379999650f596a945019b14827818879e792ab37876bc71443bd697510d9ea00881787918f1543e6c6c5588111aeecb10342c2166a344e10ccd6bbc3e
  languageName: node
  linkType: hard

"node-domexception@npm:1.0.0":
  version: 1.0.0
  resolution: "node-domexception@npm:1.0.0"
  checksum: ee1d37dd2a4eb26a8a92cd6b64dfc29caec72bff5e1ed9aba80c294f57a31ba4895a60fd48347cf17dd6e766da0ae87d75657dfd1f384ebfa60462c2283f5c7f
  languageName: node
  linkType: hard

"node-fetch@npm:^2.6.7":
  version: 2.6.7
  resolution: "node-fetch@npm:2.6.7"
  dependencies:
    whatwg-url: ^5.0.0
  peerDependencies:
    encoding: ^0.1.0
  peerDependenciesMeta:
    encoding:
      optional: true
  checksum: 8d816ffd1ee22cab8301c7756ef04f3437f18dace86a1dae22cf81db8ef29c0bf6655f3215cb0cdb22b420b6fe141e64b26905e7f33f9377a7fa59135ea3e10b
  languageName: node
  linkType: hard

"picocolors@npm:^1.0.0":
  version: 1.0.0
  resolution: "picocolors@npm:1.0.0"
  checksum: a2e8092dd86c8396bdba9f2b5481032848525b3dc295ce9b57896f931e63fc16f79805144321f72976383fc249584672a75cc18d6777c6b757603f372f745981
  languageName: node
  linkType: hard

"postcss@npm:8.4.14":
  version: 8.4.14
  resolution: "postcss@npm:8.4.14"
  dependencies:
    nanoid: ^3.3.4
    picocolors: ^1.0.0
    source-map-js: ^1.0.2
  checksum: fe58766ff32e4becf65a7d57678995cfd239df6deed2fe0557f038b47c94e4132e7e5f68b5aa820c13adfec32e523b693efaeb65798efb995ce49ccd83953816
  languageName: node
  linkType: hard

"pvtsutils@npm:^1.3.2":
  version: 1.3.2
  resolution: "pvtsutils@npm:1.3.2"
  dependencies:
    tslib: ^2.4.0
  checksum: 9b8155611363e2f40276879f2454e60204b45be0cd0482f9373f369308a2e9c76d5d74cdf661a3f5aae8022d75ea159eb0ba38ee78fc782ee3051e4722db98d0
  languageName: node
  linkType: hard

"pvutils@npm:^1.1.3":
  version: 1.1.3
  resolution: "pvutils@npm:1.1.3"
  checksum: 2ee26a9e5176c348977d6ec00d8ee80bff62f51743b1c5fe8abeeb4c5d29d9959cdfe0ce146707a9e6801bce88190fed3002d720b072dc87d031c692820b44c9
  languageName: node
  linkType: hard

"react-dom@npm:^18.2.0":
  version: 18.2.0
  resolution: "react-dom@npm:18.2.0"
  dependencies:
    loose-envify: ^1.1.0
    scheduler: ^0.23.0
  peerDependencies:
    react: ^18.2.0
  checksum: 7d323310bea3a91be2965f9468d552f201b1c27891e45ddc2d6b8f717680c95a75ae0bc1e3f5cf41472446a2589a75aed4483aee8169287909fcd59ad149e8cc
  languageName: node
  linkType: hard

"react@npm:^18.2.0":
  version: 18.2.0
  resolution: "react@npm:18.2.0"
  dependencies:
    loose-envify: ^1.1.0
  checksum: 88e38092da8839b830cda6feef2e8505dec8ace60579e46aa5490fc3dc9bba0bd50336507dc166f43e3afc1c42939c09fe33b25fae889d6f402721dcd78fca1b
  languageName: node
  linkType: hard

"scheduler@npm:^0.23.0":
  version: 0.23.0
  resolution: "scheduler@npm:0.23.0"
  dependencies:
    loose-envify: ^1.1.0
  checksum: d79192eeaa12abef860c195ea45d37cbf2bbf5f66e3c4dcd16f54a7da53b17788a70d109ee3d3dde1a0fd50e6a8fc171f4300356c5aee4fc0171de526bf35f8a
  languageName: node
  linkType: hard

"source-map-js@npm:^1.0.2":
  version: 1.0.2
  resolution: "source-map-js@npm:1.0.2"
  checksum: c049a7fc4deb9a7e9b481ae3d424cc793cb4845daa690bc5a05d428bf41bf231ced49b4cf0c9e77f9d42fdb3d20d6187619fc586605f5eabe995a316da8d377c
  languageName: node
  linkType: hard

"streamsearch@npm:^1.1.0":
  version: 1.1.0
  resolution: "streamsearch@npm:1.1.0"
  checksum: 1cce16cea8405d7a233d32ca5e00a00169cc0e19fbc02aa839959985f267335d435c07f96e5e0edd0eadc6d39c98d5435fb5bbbdefc62c41834eadc5622ad942
  languageName: node
  linkType: hard

"styled-jsx@npm:5.0.7":
  version: 5.0.7
  resolution: "styled-jsx@npm:5.0.7"
  peerDependencies:
    react: ">= 16.8.0 || 17.x.x || ^18.0.0-0"
  peerDependenciesMeta:
    "@babel/core":
      optional: true
    babel-plugin-macros:
      optional: true
  checksum: 61959993915f4b1662a682dbbefb3512de9399cf6901969bcadd26ba5441d2b5ca5c1021b233bbd573da2541b41efb45d56c6f618dbc8d88a381ebc62461fefe
  languageName: node
  linkType: hard

"tr46@npm:~0.0.3":
  version: 0.0.3
  resolution: "tr46@npm:0.0.3"
  checksum: 726321c5eaf41b5002e17ffbd1fb7245999a073e8979085dacd47c4b4e8068ff5777142fc6726d6ca1fd2ff16921b48788b87225cbc57c72636f6efa8efbffe3
  languageName: node
  linkType: hard

"tslib@npm:2.4.0, tslib@npm:^2.0.0, tslib@npm:^2.3.1, tslib@npm:^2.4.0":
  version: 2.4.0
  resolution: "tslib@npm:2.4.0"
  checksum: 8c4aa6a3c5a754bf76aefc38026134180c053b7bd2f81338cb5e5ebf96fefa0f417bff221592bf801077f5bf990562f6264fecbc42cd3309b33872cb6fc3b113
  languageName: node
  linkType: hard

"typescript@npm:4.8.3":
  version: 4.8.3
  resolution: "typescript@npm:4.8.3"
  bin:
    tsc: bin/tsc
    tsserver: bin/tsserver
  checksum: 8286a5edcaf3d68e65c451aa1e7150ad1cf53ee0813c07ec35b7abdfdb10f355ecaa13c6a226a694ae7a67785fd7eeebf89f845da0b4f7e4a35561ddc459aba0
  languageName: node
  linkType: hard

"typescript@patch:typescript@4.8.3#~builtin<compat/typescript>":
  version: 4.8.3
  resolution: "typescript@patch:typescript@npm%3A4.8.3#~builtin<compat/typescript>::version=4.8.3&hash=a1c5e5"
  bin:
    tsc: bin/tsc
    tsserver: bin/tsserver
  checksum: 2222d2382fb3146089b1d27ce2b55e9d1f99cc64118f1aba75809b693b856c5d3c324f052f60c75b577947fc538bc1c27bad0eb76cbdba9a63a253489504ba7e
  languageName: node
  linkType: hard

"undici@npm:^5.8.0":
  version: 5.10.0
  resolution: "undici@npm:5.10.0"
  checksum: 7ba2b71dccc74cd2bdf645b83e9aaef374ae04855943d0a2f42a3d0b9e5556f37cc9b5156fb5288277a2fa95fd46a56f3ae0d5cf73db3f008d75ec41104b136c
  languageName: node
  linkType: hard

"use-sync-external-store@npm:1.2.0":
  version: 1.2.0
  resolution: "use-sync-external-store@npm:1.2.0"
  peerDependencies:
    react: ^16.8.0 || ^17.0.0 || ^18.0.0
  checksum: 5c639e0f8da3521d605f59ce5be9e094ca772bd44a4ce7322b055a6f58eeed8dda3c94cabd90c7a41fb6fa852210092008afe48f7038792fd47501f33299116a
  languageName: node
  linkType: hard

"value-or-promise@npm:1.0.11":
  version: 1.0.11
  resolution: "value-or-promise@npm:1.0.11"
  checksum: 13f8f2ef620118c73b4d1beee8ce6045d7182bbf15090ecfbcafb677ec43698506a5e9ace6bea5ea35c32bc612c9b1f824bb59b6581cdfb5c919052745c277d5
  languageName: node
  linkType: hard

"web-starter@workspace:.":
  version: 0.0.0-use.local
  resolution: "web-starter@workspace:."
  dependencies:
    "@graphql-yoga/node": ^2.13.13
    "@types/node": 18.7.20
    "@types/react": 18.0.21
    graphql: ^16.6.0
    next: ^12.3.1
    react: ^18.2.0
    react-dom: ^18.2.0
    typescript: 4.8.3
  languageName: unknown
  linkType: soft

"web-streams-polyfill@npm:4.0.0-beta.3":
  version: 4.0.0-beta.3
  resolution: "web-streams-polyfill@npm:4.0.0-beta.3"
  checksum: dfec1fbf52b9140e4183a941e380487b6c3d5d3838dd1259be81506c1c9f2abfcf5aeb670aeeecfd9dff4271a6d8fef931b193c7bedfb42542a3b05ff36c0d16
  languageName: node
  linkType: hard

"web-streams-polyfill@npm:^3.2.0":
  version: 3.2.1
  resolution: "web-streams-polyfill@npm:3.2.1"
  checksum: b119c78574b6d65935e35098c2afdcd752b84268e18746606af149e3c424e15621b6f1ff0b42b2676dc012fc4f0d313f964b41a4b5031e525faa03997457da02
  languageName: node
  linkType: hard

"webcrypto-core@npm:^1.7.4":
  version: 1.7.5
  resolution: "webcrypto-core@npm:1.7.5"
  dependencies:
    "@peculiar/asn1-schema": ^2.1.6
    "@peculiar/json-schema": ^1.1.12
    asn1js: ^3.0.1
    pvtsutils: ^1.3.2
    tslib: ^2.4.0
  checksum: f6e529ca5c1175b8ccead3547f60efa7a1f8e247aaeab3bd4f096eb9fda11cfc8e6b6fb574bbc5696f608958c491a27e9682c89204412f73fb430e5fcbe9ebac
  languageName: node
  linkType: hard

"webidl-conversions@npm:^3.0.0":
  version: 3.0.1
  resolution: "webidl-conversions@npm:3.0.1"
  checksum: c92a0a6ab95314bde9c32e1d0a6dfac83b578f8fa5f21e675bc2706ed6981bc26b7eb7e6a1fab158e5ce4adf9caa4a0aee49a52505d4d13c7be545f15021b17c
  languageName: node
  linkType: hard

"whatwg-url@npm:^5.0.0":
  version: 5.0.0
  resolution: "whatwg-url@npm:5.0.0"
  dependencies:
    tr46: ~0.0.3
    webidl-conversions: ^3.0.0
  checksum: b8daed4ad3356cc4899048a15b2c143a9aed0dfae1f611ebd55073310c7b910f522ad75d727346ad64203d7e6c79ef25eafd465f4d12775ca44b90fa82ed9e2c
  languageName: node
  linkType: hard

"yallist@npm:^4.0.0":
  version: 4.0.0
  resolution: "yallist@npm:4.0.0"
  checksum: 343617202af32df2a15a3be36a5a8c0c8545208f3d3dfbc6bb7c3e3b7e8c6f8e7485432e4f3b88da3031a6e20afa7c711eded32ddfb122896ac5d914e75848d5
  languageName: node
  linkType: hard
